
Microsoft Visual Studio Solution File, Format Version 12.00
# Visual Studio Version 17
VisualStudioVersion = 17.7.34031.279
MinimumVisualStudioVersion = 10.0.40219.1
Project("{FAE04EC0-301F-11D3-BF4B-00C04F79EFBC}") = "VrotKodBot", "VrotKodBot\VrotKodBot.csproj", "{8E7E5B76-C623-4FD3-A662-38CBF4B1896C}"
EndProject
Global
	GlobalSection(SolutionConfigurationPlatforms) = preSolution
		Debug|Any CPU = Debug|Any CPU
		Release|Any CPU = Release|Any CPU
	EndGlobalSection
	GlobalSection(ProjectConfigurationPlatforms) = postSolution
		{8E7E5B76-C623-4FD3-A662-38CBF4B1896C}.Debug|Any CPU.ActiveCfg = Debug|Any CPU
		{8E7E5B76-C623-4FD3-A662-38CBF4B1896C}.Debug|Any CPU.Build.0 = Debug|Any CPU
		{8E7E5B76-C623-4FD3-A662-38CBF4B1896C}.Release|Any CPU.ActiveCfg = Release|Any CPU
		{8E7E5B76-C623-4FD3-A662-38CBF4B1896C}.Release|Any CPU.Build.0 = Release|Any CPU
	EndGlobalSection
	GlobalSection(SolutionProperties) = preSolution
		HideSolutionNode = FALSE
	EndGlobalSection
	GlobalSection(ExtensibilityGlobals) = postSolution
		SolutionGuid = {5396B829-9D33-4F84-A5D8-EDF2480446FC}
	EndGlobalSection
EndGlobal
